
Microsoft Visual Studio Solution File, Format Version 12.00
# Visual Studio Version 17
VisualStudioVersion = 17.8.34316.72
MinimumVisualStudioVersion = 10.0.40219.1
Project("{FAE04EC0-301F-11D3-BF4B-00C04F79EFBC}") = "Individuellt_databasprojekt", "Individuellt_databasprojekt\Individuellt_databasprojekt.csproj", "{968E7FDB-C793-460E-B1DD-E8D14FAE4816}"
EndProject
Global
	GlobalSection(SolutionConfigurationPlatforms) = preSolution
		Debug|Any CPU = Debug|Any CPU
		Release|Any CPU = Release|Any CPU
	EndGlobalSection
	GlobalSection(ProjectConfigurationPlatforms) = postSolution
		{968E7FDB-C793-460E-B1DD-E8D14FAE4816}.Debug|Any CPU.ActiveCfg = Debug|Any CPU
		{968E7FDB-C793-460E-B1DD-E8D14FAE4816}.Debug|Any CPU.Build.0 = Debug|Any CPU
		{968E7FDB-C793-460E-B1DD-E8D14FAE4816}.Release|Any CPU.ActiveCfg = Release|Any CPU
		{968E7FDB-C793-460E-B1DD-E8D14FAE4816}.Release|Any CPU.Build.0 = Release|Any CPU
	EndGlobalSection
	GlobalSection(SolutionProperties) = preSolution
		HideSolutionNode = FALSE
	EndGlobalSection
	GlobalSection(ExtensibilityGlobals) = postSolution
		SolutionGuid = {23994194-0221-4C2C-9B47-9F0E619B8A44}
	EndGlobalSection
EndGlobal
